{
  "version": 4,
  "terraform_version": "0.15.3",
  "serial": 6,
  "lineage": "bcc76f32-8817-9caf-d9aa-021e98101401",
  "outputs": {
    "aws_ec2_arn": {
      "value": "arn:aws:ec2:us-east-2:202830530179:instance/i-0c13131cc51e4e5ee",
      "type": "string"
    },
    "aws_ec2_capacity_reservation_specification": {
      "value": [
        {
          "capacity_reservation_preference": "open",
          "capacity_reservation_target": []
        }
      ],
      "type": [
        "list",
        [
          "object",
          {
            "capacity_reservation_preference": "string",
            "capacity_reservation_target": [
              "list",
              [
                "object",
                {
                  "capacity_reservation_id": "string"
                }
              ]
            ]
          }
        ]
      ]
    },
    "aws_ec2_instance_state": {
      "value": "running",
      "type": "string"
    },
    "aws_ec2_primary_network_interface_id": {
      "value": "eni-0e62ef9410594fea2",
      "type": "string"
    }
  },
  "resources": [
    {
      "module": "module.ec2_creation",
      "mode": "managed",
      "type": "aws_instance",
      "name": "foo",
      "provider": "module.ec2_creation.provider[\"registry.terraform.io/hashicorp/aws\"]",
      "instances": [
        {
          "schema_version": 1,
          "attributes": {
            "ami": "ami-000256c6b59e92ca8",
            "arn": "arn:aws:ec2:us-east-2:202830530179:instance/i-0c13131cc51e4e5ee",
            "associate_public_ip_address": false,
            "availability_zone": "us-east-2a",
            "capacity_reservation_specification": [
              {
                "capacity_reservation_preference": "open",
                "capacity_reservation_target": []
              }
            ],
            "cpu_core_count": 1,
            "cpu_threads_per_core": 1,
            "credit_specification": [
              {
                "cpu_credits": "unlimited"
              }
            ],
            "disable_api_termination": false,
            "ebs_block_device": [],
            "ebs_optimized": false,
            "enclave_options": [
              {
                "enabled": false
              }
            ],
            "ephemeral_block_device": [],
            "get_password_data": false,
            "hibernation": false,
            "host_id": null,
            "iam_instance_profile": "",
            "id": "i-0c13131cc51e4e5ee",
            "instance_initiated_shutdown_behavior": "stop",
            "instance_state": "running",
            "instance_type": "t2.micro",
            "ipv6_address_count": 0,
            "ipv6_addresses": [],
            "key_name": "",
            "launch_template": [],
            "metadata_options": [
              {
                "http_endpoint": "enabled",
                "http_put_response_hop_limit": 1,
                "http_tokens": "optional"
              }
            ],
            "monitoring": false,
            "network_interface": [
              {
                "delete_on_termination": false,
                "device_index": 0,
                "network_interface_id": "eni-0e62ef9410594fea2"
              }
            ],
            "outpost_arn": "",
            "password_data": "",
            "placement_group": "",
            "primary_network_interface_id": "eni-0e62ef9410594fea2",
            "private_dns": "ip-172-16-10-100.us-east-2.compute.internal",
            "private_ip": "172.16.10.100",
            "public_dns": "",
            "public_ip": "",
            "root_block_device": [
              {
                "delete_on_termination": true,
                "device_name": "/dev/sda1",
                "encrypted": false,
                "iops": 100,
                "kms_key_id": "",
                "tags": {},
                "throughput": 0,
                "volume_id": "vol-05bdf3c2135900e30",
                "volume_size": 10,
                "volume_type": "gp2"
              }
            ],
            "secondary_private_ips": [],
            "security_groups": [],
            "source_dest_check": true,
            "subnet_id": "subnet-03ce383da2c5661cf",
            "tags": {},
            "tags_all": {},
            "tenancy": "default",
            "timeouts": null,
            "user_data": null,
            "user_data_base64": null,
            "volume_tags": null,
            "vpc_security_group_ids": [
              "sg-05c736d6ca79890b1"
            ]
          },
          "sensitive_attributes": [],
          "private": "eyJlMmJmYjczMC1lY2FhLTExZTYtOGY4OC0zNDM2M2JjN2M0YzAiOnsiY3JlYXRlIjo2MDAwMDAwMDAwMDAsImRlbGV0ZSI6MTIwMDAwMDAwMDAwMCwidXBkYXRlIjo2MDAwMDAwMDAwMDB9LCJzY2hlbWFfdmVyc2lvbiI6IjEifQ==",
          "dependencies": [
            "module.ec2_creation.aws_network_interface.foo",
            "module.ec2_creation.aws_subnet.my_subnet",
            "module.ec2_creation.aws_vpc.my_vpc"
          ]
        }
      ]
    },
    {
      "module": "module.ec2_creation",
      "mode": "managed",
      "type": "aws_network_interface",
      "name": "foo",
      "provider": "module.ec2_creation.provider[\"registry.terraform.io/hashicorp/aws\"]",
      "instances": [
        {
          "schema_version": 0,
          "attributes": {
            "attachment": [
              {
                "attachment_id": "eni-attach-0ce8852070524c64d",
                "device_index": 0,
                "instance": "i-0c13131cc51e4e5ee"
              }
            ],
            "description": "",
            "id": "eni-0e62ef9410594fea2",
            "interface_type": "interface",
            "ipv6_address_count": 0,
            "ipv6_addresses": [],
            "mac_address": "02:74:37:95:6b:38",
            "outpost_arn": "",
            "private_dns_name": "",
            "private_ip": "172.16.10.100",
            "private_ips": [
              "172.16.10.100"
            ],
            "private_ips_count": 0,
            "security_groups": [
              "sg-05c736d6ca79890b1"
            ],
            "source_dest_check": true,
            "subnet_id": "subnet-03ce383da2c5661cf",
            "tags": {
              "Name": "primary_network_interface"
            },
            "tags_all": {
              "Name": "primary_network_interface"
            }
          },
          "sensitive_attributes": [],
          "private": "bnVsbA==",
          "dependencies": [
            "module.ec2_creation.aws_subnet.my_subnet",
            "module.ec2_creation.aws_vpc.my_vpc"
          ]
        }
      ]
    },
    {
      "module": "module.ec2_creation",
      "mode": "managed",
      "type": "aws_subnet",
      "name": "my_subnet",
      "provider": "module.ec2_creation.provider[\"registry.terraform.io/hashicorp/aws\"]",
      "instances": [
        {
          "schema_version": 1,
          "attributes": {
            "arn": "arn:aws:ec2:us-east-2:202830530179:subnet/subnet-03ce383da2c5661cf",
            "assign_ipv6_address_on_creation": false,
            "availability_zone": "us-east-2a",
            "availability_zone_id": "use2-az1",
            "cidr_block": "172.16.10.0/24",
            "customer_owned_ipv4_pool": "",
            "id": "subnet-03ce383da2c5661cf",
            "ipv6_cidr_block": "",
            "ipv6_cidr_block_association_id": "",
            "map_customer_owned_ip_on_launch": false,
            "map_public_ip_on_launch": false,
            "outpost_arn": "",
            "owner_id": "202830530179",
            "tags": {
              "Name": "tf-example"
            },
            "tags_all": {
              "Name": "tf-example"
            },
            "timeouts": null,
            "vpc_id": "vpc-09edaa9e2e1384033"
          },
          "sensitive_attributes": [],
          "private": "eyJlMmJmYjczMC1lY2FhLTExZTYtOGY4OC0zNDM2M2JjN2M0YzAiOnsiY3JlYXRlIjo2MDAwMDAwMDAwMDAsImRlbGV0ZSI6MTIwMDAwMDAwMDAwMH0sInNjaGVtYV92ZXJzaW9uIjoiMSJ9",
          "dependencies": [
            "module.ec2_creation.aws_vpc.my_vpc"
          ]
        }
      ]
    },
    {
      "module": "module.ec2_creation",
      "mode": "managed",
      "type": "aws_vpc",
      "name": "my_vpc",
      "provider": "module.ec2_creation.provider[\"registry.terraform.io/hashicorp/aws\"]",
      "instances": [
        {
          "schema_version": 1,
          "attributes": {
            "arn": "arn:aws:ec2:us-east-2:202830530179:vpc/vpc-09edaa9e2e1384033",
            "assign_generated_ipv6_cidr_block": false,
            "cidr_block": "172.16.0.0/16",
            "default_network_acl_id": "acl-0ec975a389a1dc85c",
            "default_route_table_id": "rtb-09ce2b01f5e30ec03",
            "default_security_group_id": "sg-05c736d6ca79890b1",
            "dhcp_options_id": "dopt-f03c509b",
            "enable_classiclink": null,
            "enable_classiclink_dns_support": null,
            "enable_dns_hostnames": false,
            "enable_dns_support": true,
            "id": "vpc-09edaa9e2e1384033",
            "instance_tenancy": "default",
            "ipv6_association_id": "",
            "ipv6_cidr_block": "",
            "main_route_table_id": "rtb-09ce2b01f5e30ec03",
            "owner_id": "202830530179",
            "tags": {
              "Name": "tf-example"
            },
            "tags_all": {
              "Name": "tf-example"
            }
          },
          "sensitive_attributes": [],
          "private": "eyJzY2hlbWFfdmVyc2lvbiI6IjEifQ=="
        }
      ]
    }
  ]
}
